// !$*UTF8*$!
{
	archiveVersion = 1;
	classes = {
	};
	objectVersion = 56;
	objects = {

/* Begin PBXBuildFile section */
		48598B422C07178F006C7A4D /* AppDelegate.swift in Sources */ = {isa = PBXBuildFile; fileRef = 48598B412C07178F006C7A4D /* AppDelegate.swift */; };
		48598B462C07178F006C7A4D /* HomeViewController.swift in Sources */ = {isa = PBXBuildFile; fileRef = 48598B452C07178F006C7A4D /* HomeViewController.swift */; };
		48598B4B2C071791006C7A4D /* Assets.xcassets in Resources */ = {isa = PBXBuildFile; fileRef = 48598B4A2C071791006C7A4D /* Assets.xcassets */; };
		48598B4E2C071791006C7A4D /* Base in Resources */ = {isa = PBXBuildFile; fileRef = 48598B4D2C071791006C7A4D /* Base */; };
		48598B722C087218006C7A4D /* Localizable.strings in Resources */ = {isa = PBXBuildFile; fileRef = 48598B702C087218006C7A4D /* Localizable.strings */; };
		48598B752C08729E006C7A4D /* String+Ex.swift in Sources */ = {isa = PBXBuildFile; fileRef = 48598B742C08729E006C7A4D /* String+Ex.swift */; };
		48598B7C2C08B3DC006C7A4D /* SelectVerbsViewController.swift in Sources */ = {isa = PBXBuildFile; fileRef = 48598B7B2C08B3DC006C7A4D /* SelectVerbsViewController.swift */; };
		48598B7E2C08B3FA006C7A4D /* TrainVerbsViewController.swift in Sources */ = {isa = PBXBuildFile; fileRef = 48598B7D2C08B3FA006C7A4D /* TrainVerbsViewController.swift */; };
		486A32412C09F52000DCA0EB /* SelectVerbsTableViewCell.swift in Sources */ = {isa = PBXBuildFile; fileRef = 486A32402C09F52000DCA0EB /* SelectVerbsTableViewCell.swift */; };
		486A32692C0A347100DCA0EB /* UIView+Ex.swift in Sources */ = {isa = PBXBuildFile; fileRef = 486A32682C0A347100DCA0EB /* UIView+Ex.swift */; };
		486A326B2C0A351800DCA0EB /* UIStackView+Ex.swift in Sources */ = {isa = PBXBuildFile; fileRef = 486A326A2C0A351800DCA0EB /* UIStackView+Ex.swift */; };
		486A326F2C0A3A8800DCA0EB /* Verb.swift in Sources */ = {isa = PBXBuildFile; fileRef = 486A326E2C0A3A8800DCA0EB /* Verb.swift */; };
		486A32712C0A3B2700DCA0EB /* IrregularVerbs.swift in Sources */ = {isa = PBXBuildFile; fileRef = 486A32702C0A3B2700DCA0EB /* IrregularVerbs.swift */; };
		486A32852C0EC87900DCA0EB /* SnapKit in Frameworks */ = {isa = PBXBuildFile; productRef = 486A32842C0EC87900DCA0EB /* SnapKit */; };
/* End PBXBuildFile section */

/* Begin PBXFileReference section */
		48598B3E2C07178F006C7A4D /* Verregular.app */ = {isa = PBXFileReference; explicitFileType = wrapper.application; includeInIndex = 0; path = Verregular.app; sourceTree = BUILT_PRODUCTS_DIR; };
		48598B412C07178F006C7A4D /* AppDelegate.swift */ = {isa = PBXFileReference; lastKnownFileType = sourcecode.swift; path = AppDelegate.swift; sourceTree = "<group>"; };
		48598B452C07178F006C7A4D /* HomeViewController.swift */ = {isa = PBXFileReference; lastKnownFileType = sourcecode.swift; path = HomeViewController.swift; sourceTree = "<group>"; };
		48598B4A2C071791006C7A4D /* Assets.xcassets */ = {isa = PBXFileReference; lastKnownFileType = folder.assetcatalog; path = Assets.xcassets; sourceTree = "<group>"; };
		48598B4D2C071791006C7A4D /* Base */ = {isa = PBXFileReference; lastKnownFileType = file.storyboard; name = Base; path = Base.lproj/LaunchScreen.storyboard; sourceTree = "<group>"; };
		48598B4F2C071791006C7A4D /* Info.plist */ = {isa = PBXFileReference; lastKnownFileType = text.plist.xml; path = Info.plist; sourceTree = "<group>"; };
		48598B712C087218006C7A4D /* en */ = {isa = PBXFileReference; lastKnownFileType = text.plist.strings; name = en; path = en.lproj/Localizable.strings; sourceTree = "<group>"; };
		48598B732C087227006C7A4D /* ru */ = {isa = PBXFileReference; lastKnownFileType = text.plist.strings; name = ru; path = ru.lproj/Localizable.strings; sourceTree = "<group>"; };
		48598B742C08729E006C7A4D /* String+Ex.swift */ = {isa = PBXFileReference; lastKnownFileType = sourcecode.swift; path = "String+Ex.swift"; sourceTree = "<group>"; };
		48598B7B2C08B3DC006C7A4D /* SelectVerbsViewController.swift */ = {isa = PBXFileReference; lastKnownFileType = sourcecode.swift; path = SelectVerbsViewController.swift; sourceTree = "<group>"; };
		48598B7D2C08B3FA006C7A4D /* TrainVerbsViewController.swift */ = {isa = PBXFileReference; lastKnownFileType = sourcecode.swift; path = TrainVerbsViewController.swift; sourceTree = "<group>"; };
		486A32402C09F52000DCA0EB /* SelectVerbsTableViewCell.swift */ = {isa = PBXFileReference; lastKnownFileType = sourcecode.swift; path = SelectVerbsTableViewCell.swift; sourceTree = "<group>"; };
		486A32682C0A347100DCA0EB /* UIView+Ex.swift */ = {isa = PBXFileReference; lastKnownFileType = sourcecode.swift; path = "UIView+Ex.swift"; sourceTree = "<group>"; };
		486A326A2C0A351800DCA0EB /* UIStackView+Ex.swift */ = {isa = PBXFileReference; lastKnownFileType = sourcecode.swift; path = "UIStackView+Ex.swift"; sourceTree = "<group>"; };
		486A326E2C0A3A8800DCA0EB /* Verb.swift */ = {isa = PBXFileReference; lastKnownFileType = sourcecode.swift; path = Verb.swift; sourceTree = "<group>"; };
		486A32702C0A3B2700DCA0EB /* IrregularVerbs.swift */ = {isa = PBXFileReference; lastKnownFileType = sourcecode.swift; path = IrregularVerbs.swift; sourceTree = "<group>"; };
/* End PBXFileReference section */

/* Begin PBXFrameworksBuildPhase section */
		48598B3B2C07178F006C7A4D /* Frameworks */ = {
			isa = PBXFrameworksBuildPhase;
			buildActionMask = 2147483647;
			files = (
				486A32852C0EC87900DCA0EB /* SnapKit in Frameworks */,
			);
			runOnlyForDeploymentPostprocessing = 0;
		};
/* End PBXFrameworksBuildPhase section */

/* Begin PBXGroup section */
		48598B352C07178F006C7A4D = {
			isa = PBXGroup;
			children = (
				48598B402C07178F006C7A4D /* Verregular */,
				48598B3F2C07178F006C7A4D /* Products */,
			);
			sourceTree = "<group>";
		};
		48598B3F2C07178F006C7A4D /* Products */ = {
			isa = PBXGroup;
			children = (
				48598B3E2C07178F006C7A4D /* Verregular.app */,
			);
			name = Products;
			sourceTree = "<group>";
		};
		48598B402C07178F006C7A4D /* Verregular */ = {
			isa = PBXGroup;
			children = (
				48598B412C07178F006C7A4D /* AppDelegate.swift */,
				48598B4C2C071791006C7A4D /* LaunchScreen.storyboard */,
				48598B7A2C087409006C7A4D /* Home */,
				48598B7F2C08B461006C7A4D /* Select */,
				48598B802C08B468006C7A4D /* Train */,
				48598B772C0872A9006C7A4D /* Extensions */,
				48598B4A2C071791006C7A4D /* Assets.xcassets */,
				48598B702C087218006C7A4D /* Localizable.strings */,
				48598B4F2C071791006C7A4D /* Info.plist */,
			);
			path = Verregular;
			sourceTree = "<group>";
		};
		48598B772C0872A9006C7A4D /* Extensions */ = {
			isa = PBXGroup;
			children = (
				48598B742C08729E006C7A4D /* String+Ex.swift */,
				486A32682C0A347100DCA0EB /* UIView+Ex.swift */,
				486A326A2C0A351800DCA0EB /* UIStackView+Ex.swift */,
			);
			path = Extensions;
			sourceTree = "<group>";
		};
		48598B782C0873F1006C7A4D /* Controller */ = {
			isa = PBXGroup;
			children = (
				48598B452C07178F006C7A4D /* HomeViewController.swift */,
			);
			path = Controller;
			sourceTree = "<group>";
		};
		48598B7A2C087409006C7A4D /* Home */ = {
			isa = PBXGroup;
			children = (
				48598B782C0873F1006C7A4D /* Controller */,
			);
			path = Home;
			sourceTree = "<group>";
		};
		48598B7F2C08B461006C7A4D /* Select */ = {
			isa = PBXGroup;
			children = (
				486A326D2C0A3A7700DCA0EB /* Model */,
				486A326C2C0A398200DCA0EB /* View */,
				48598B812C08B46F006C7A4D /* Controller */,
			);
			path = Select;
			sourceTree = "<group>";
		};
		48598B802C08B468006C7A4D /* Train */ = {
			isa = PBXGroup;
			children = (
				48598B822C08B478006C7A4D /* Controller */,
			);
			path = Train;
			sourceTree = "<group>";
		};
		48598B812C08B46F006C7A4D /* Controller */ = {
			isa = PBXGroup;
			children = (
				48598B7B2C08B3DC006C7A4D /* SelectVerbsViewController.swift */,
			);
			path = Controller;
			sourceTree = "<group>";
		};
		48598B822C08B478006C7A4D /* Controller */ = {
			isa = PBXGroup;
			children = (
				48598B7D2C08B3FA006C7A4D /* TrainVerbsViewController.swift */,
			);
			path = Controller;
			sourceTree = "<group>";
		};
		486A326C2C0A398200DCA0EB /* View */ = {
			isa = PBXGroup;
			children = (
				486A32402C09F52000DCA0EB /* SelectVerbsTableViewCell.swift */,
			);
			path = View;
			sourceTree = "<group>";
		};
		486A326D2C0A3A7700DCA0EB /* Model */ = {
			isa = PBXGroup;
			children = (
				486A326E2C0A3A8800DCA0EB /* Verb.swift */,
				486A32702C0A3B2700DCA0EB /* IrregularVerbs.swift */,
			);
			path = Model;
			sourceTree = "<group>";
		};
/* End PBXGroup section */

/* Begin PBXNativeTarget section */
		48598B3D2C07178F006C7A4D /* Verregular */ = {
			isa = PBXNativeTarget;
			buildConfigurationList = 48598B522C071791006C7A4D /* Build configuration list for PBXNativeTarget "Verregular" */;
			buildPhases = (
				48598B3A2C07178F006C7A4D /* Sources */,
				48598B3B2C07178F006C7A4D /* Frameworks */,
				48598B3C2C07178F006C7A4D /* Resources */,
			);
			buildRules = (
			);
			dependencies = (
			);
			name = Verregular;
			packageProductDependencies = (
				486A32842C0EC87900DCA0EB /* SnapKit */,
			);
			productName = Verregular;
			productReference = 48598B3E2C07178F006C7A4D /* Verregular.app */;
			productType = "com.apple.product-type.application";
		};
/* End PBXNativeTarget section */

/* Begin PBXProject section */
		48598B362C07178F006C7A4D /* Project object */ = {
			isa = PBXProject;
			attributes = {
				BuildIndependentTargetsInParallel = 1;
				LastSwiftUpdateCheck = 1530;
				LastUpgradeCheck = 1530;
				TargetAttributes = {
					48598B3D2C07178F006C7A4D = {
						CreatedOnToolsVersion = 15.3;
					};
				};
			};
			buildConfigurationList = 48598B392C07178F006C7A4D /* Build configuration list for PBXProject "Verregular" */;
			compatibilityVersion = "Xcode 14.0";
			developmentRegion = en;
			hasScannedForEncodings = 0;
			knownRegions = (
				en,
				Base,
				ru,
			);
			mainGroup = 48598B352C07178F006C7A4D;
			packageReferences = (
				486A32832C0EC87900DCA0EB /* XCRemoteSwiftPackageReference "SnapKit" */,
			);
			productRefGroup = 48598B3F2C07178F006C7A4D /* Products */;
			projectDirPath = "";
			projectRoot = "";
			targets = (
				48598B3D2C07178F006C7A4D /* Verregular */,
			);
		};
/* End PBXProject section */

/* Begin PBXResourcesBuildPhase section */
		48598B3C2C07178F006C7A4D /* Resources */ = {
			isa = PBXResourcesBuildPhase;
			buildActionMask = 2147483647;
			files = (
				48598B4B2C071791006C7A4D /* Assets.xcassets in Resources */,
				48598B722C087218006C7A4D /* Localizable.strings in Resources */,
				48598B4E2C071791006C7A4D /* Base in Resources */,
			);
			runOnlyForDeploymentPostprocessing = 0;
		};
/* End PBXResourcesBuildPhase section */

/* Begin PBXSourcesBuildPhase section */
		48598B3A2C07178F006C7A4D /* Sources */ = {
			isa = PBXSourcesBuildPhase;
			buildActionMask = 2147483647;
			files = (
				486A32412C09F52000DCA0EB /* SelectVerbsTableViewCell.swift in Sources */,
				48598B752C08729E006C7A4D /* String+Ex.swift in Sources */,
				48598B462C07178F006C7A4D /* HomeViewController.swift in Sources */,
				486A326F2C0A3A8800DCA0EB /* Verb.swift in Sources */,
				48598B7E2C08B3FA006C7A4D /* TrainVerbsViewController.swift in Sources */,
				48598B422C07178F006C7A4D /* AppDelegate.swift in Sources */,
				486A32712C0A3B2700DCA0EB /* IrregularVerbs.swift in Sources */,
				48598B7C2C08B3DC006C7A4D /* SelectVerbsViewController.swift in Sources */,
				486A326B2C0A351800DCA0EB /* UIStackView+Ex.swift in Sources */,
				486A32692C0A347100DCA0EB /* UIView+Ex.swift in Sources */,
			);
			runOnlyForDeploymentPostprocessing = 0;
		};
/* End PBXSourcesBuildPhase section */

/* Begin PBXVariantGroup section */
		48598B4C2C071791006C7A4D /* LaunchScreen.storyboard */ = {
			isa = PBXVariantGroup;
			children = (
				48598B4D2C071791006C7A4D /* Base */,
			);
			name = LaunchScreen.storyboard;
			sourceTree = "<group>";
		};
		48598B702C087218006C7A4D /* Localizable.strings */ = {
			isa = PBXVariantGroup;
			children = (
				48598B712C087218006C7A4D /* en */,
				48598B732C087227006C7A4D /* ru */,
			);
			name = Localizable.strings;
			sourceTree = "<group>";
		};
/* End PBXVariantGroup section */

/* Begin XCBuildConfiguration section */
		48598B502C071791006C7A4D /* Debug */ = {
			isa = XCBuildConfiguration;
			buildSettings = {
				ALWAYS_SEARCH_USER_PATHS = NO;
				ASSETCATALOG_COMPILER_GENERATE_SWIFT_ASSET_SYMBOL_EXTENSIONS = YES;
				CLANG_ANALYZER_LOCALIZABILITY_NONLOCALIZED = YES;
				CLANG_ANALYZER_NONNULL = YES;
				CLANG_ANALYZER_NUMBER_OBJECT_CONVERSION = YES_AGGRESSIVE;
				CLANG_CXX_LANGUAGE_STANDARD = "gnu++20";
				CLANG_ENABLE_MODULES = YES;
				CLANG_ENABLE_OBJC_ARC = YES;
				CLANG_ENABLE_OBJC_WEAK = YES;
				CLANG_WARN_BLOCK_CAPTURE_AUTORELEASING = YES;
				CLANG_WARN_BOOL_CONVERSION = YES;
				CLANG_WARN_COMMA = YES;
				CLANG_WARN_CONSTANT_CONVERSION = YES;
				CLANG_WARN_DEPRECATED_OBJC_IMPLEMENTATIONS = YES;
				CLANG_WARN_DIRECT_OBJC_ISA_USAGE = YES_ERROR;
				CLANG_WARN_DOCUMENTATION_COMMENTS = YES;
				CLANG_WARN_EMPTY_BODY = YES;
				CLANG_WARN_ENUM_CONVERSION = YES;
				CLANG_WARN_INFINITE_RECURSION = YES;
				CLANG_WARN_INT_CONVERSION = YES;
				CLANG_WARN_NON_LITERAL_NULL_CONVERSION = YES;
				CLANG_WARN_OBJC_IMPLICIT_RETAIN_SELF = YES;
				CLANG_WARN_OBJC_LITERAL_CONVERSION = YES;
				CLANG_WARN_OBJC_ROOT_CLASS = YES_ERROR;
				CLANG_WARN_QUOTED_INCLUDE_IN_FRAMEWORK_HEADER = YES;
				CLANG_WARN_RANGE_LOOP_ANALYSIS = YES;
				CLANG_WARN_STRICT_PROTOTYPES = YES;
				CLANG_WARN_SUSPICIOUS_MOVE = YES;
				CLANG_WARN_UNGUARDED_AVAILABILITY = YES_AGGRESSIVE;
				CLANG_WARN_UNREACHABLE_CODE = YES;
				CLANG_WARN__DUPLICATE_METHOD_MATCH = YES;
				COPY_PHASE_STRIP = NO;
				DEBUG_INFORMATION_FORMAT = dwarf;
				ENABLE_STRICT_OBJC_MSGSEND = YES;
				ENABLE_TESTABILITY = YES;
				ENABLE_USER_SCRIPT_SANDBOXING = YES;
				GCC_C_LANGUAGE_STANDARD = gnu17;
				GCC_DYNAMIC_NO_PIC = NO;
				GCC_NO_COMMON_BLOCKS = YES;
				GCC_OPTIMIZATION_LEVEL = 0;
				GCC_PREPROCESSOR_DEFINITIONS = (
					"DEBUG=1",
					"$(inherited)",
				);
				GCC_WARN_64_TO_32_BIT_CONVERSION = YES;
				GCC_WARN_ABOUT_RETURN_TYPE = YES_ERROR;
				GCC_WARN_UNDECLARED_SELECTOR = YES;
				GCC_WARN_UNINITIALIZED_AUTOS = YES_AGGRESSIVE;
				GCC_WARN_UNUSED_FUNCTION = YES;
				GCC_WARN_UNUSED_VARIABLE = YES;
				IPHONEOS_DEPLOYMENT_TARGET = 17.4;
				LOCALIZATION_PREFERS_STRING_CATALOGS = YES;
				MTL_ENABLE_DEBUG_INFO = INCLUDE_SOURCE;
				MTL_FAST_MATH = YES;
				ONLY_ACTIVE_ARCH = YES;
				SDKROOT = iphoneos;
				SWIFT_ACTIVE_COMPILATION_CONDITIONS = "DEBUG $(inherited)";
				SWIFT_OPTIMIZATION_LEVEL = "-Onone";
			};
			name = Debug;
		};
		48598B512C071791006C7A4D /* Release */ = {
			isa = XCBuildConfiguration;
			buildSettings = {
				ALWAYS_SEARCH_USER_PATHS = NO;
				ASSETCATALOG_COMPILER_GENERATE_SWIFT_ASSET_SYMBOL_EXTENSIONS = YES;
				CLANG_ANALYZER_LOCALIZABILITY_NONLOCALIZED = YES;
				CLANG_ANALYZER_NONNULL = YES;
				CLANG_ANALYZER_NUMBER_OBJECT_CONVERSION = YES_AGGRESSIVE;
				CLANG_CXX_LANGUAGE_STANDARD = "gnu++20";
				CLANG_ENABLE_MODULES = YES;
				CLANG_ENABLE_OBJC_ARC = YES;
				CLANG_ENABLE_OBJC_WEAK = YES;
				CLANG_WARN_BLOCK_CAPTURE_AUTORELEASING = YES;
				CLANG_WARN_BOOL_CONVERSION = YES;
				CLANG_WARN_COMMA = YES;
				CLANG_WARN_CONSTANT_CONVERSION = YES;
				CLANG_WARN_DEPRECATED_OBJC_IMPLEMENTATIONS = YES;
				CLANG_WARN_DIRECT_OBJC_ISA_USAGE = YES_ERROR;
				CLANG_WARN_DOCUMENTATION_COMMENTS = YES;
				CLANG_WARN_EMPTY_BODY = YES;
				CLANG_WARN_ENUM_CONVERSION = YES;
				CLANG_WARN_INFINITE_RECURSION = YES;
				CLANG_WARN_INT_CONVERSION = YES;
				CLANG_WARN_NON_LITERAL_NULL_CONVERSION = YES;
				CLANG_WARN_OBJC_IMPLICIT_RETAIN_SELF = YES;
				CLANG_WARN_OBJC_LITERAL_CONVERSION = YES;
				CLANG_WARN_OBJC_ROOT_CLASS = YES_ERROR;
				CLANG_WARN_QUOTED_INCLUDE_IN_FRAMEWORK_HEADER = YES;
				CLANG_WARN_RANGE_LOOP_ANALYSIS = YES;
				CLANG_WARN_STRICT_PROTOTYPES = YES;
				CLANG_WARN_SUSPICIOUS_MOVE = YES;
				CLANG_WARN_UNGUARDED_AVAILABILITY = YES_AGGRESSIVE;
				CLANG_WARN_UNREACHABLE_CODE = YES;
				CLANG_WARN__DUPLICATE_METHOD_MATCH = YES;
				COPY_PHASE_STRIP = NO;
				DEBUG_INFORMATION_FORMAT = "dwarf-with-dsym";
				ENABLE_NS_ASSERTIONS = NO;
				ENABLE_STRICT_OBJC_MSGSEND = YES;
				ENABLE_USER_SCRIPT_SANDBOXING = YES;
				GCC_C_LANGUAGE_STANDARD = gnu17;
				GCC_NO_COMMON_BLOCKS = YES;
				GCC_WARN_64_TO_32_BIT_CONVERSION = YES;
				GCC_WARN_ABOUT_RETURN_TYPE = YES_ERROR;
				GCC_WARN_UNDECLARED_SELECTOR = YES;
				GCC_WARN_UNINITIALIZED_AUTOS = YES_AGGRESSIVE;
				GCC_WARN_UNUSED_FUNCTION = YES;
				GCC_WARN_UNUSED_VARIABLE = YES;
				IPHONEOS_DEPLOYMENT_TARGET = 17.4;
				LOCALIZATION_PREFERS_STRING_CATALOGS = YES;
				MTL_ENABLE_DEBUG_INFO = NO;
				MTL_FAST_MATH = YES;
				SDKROOT = iphoneos;
				SWIFT_COMPILATION_MODE = wholemodule;
				VALIDATE_PRODUCT = YES;
			};
			name = Release;
		};
		48598B532C071791006C7A4D /* Debug */ = {
			isa = XCBuildConfiguration;
			buildSettings = {
				ASSETCATALOG_COMPILER_APPICON_NAME = AppIcon;
				ASSETCATALOG_COMPILER_GLOBAL_ACCENT_COLOR_NAME = AccentColor;
				CODE_SIGN_STYLE = Automatic;
				CURRENT_PROJECT_VERSION = 1;
				DEVELOPMENT_TEAM = TUPKULQZ9B;
				GENERATE_INFOPLIST_FILE = YES;
				INFOPLIST_FILE = Verregular/Info.plist;
				INFOPLIST_KEY_UIApplicationSupportsIndirectInputEvents = YES;
				INFOPLIST_KEY_UILaunchStoryboardName = LaunchScreen;
				INFOPLIST_KEY_UISupportedInterfaceOrientations_iPad = "UIInterfaceOrientationPortrait UIInterfaceOrientationPortraitUpsideDown UIInterfaceOrientationLandscapeLeft UIInterfaceOrientationLandscapeRight";
				INFOPLIST_KEY_UISupportedInterfaceOrientations_iPhone = "UIInterfaceOrientationPortrait UIInterfaceOrientationLandscapeLeft UIInterfaceOrientationLandscapeRight";
				LD_RUNPATH_SEARCH_PATHS = (
					"$(inherited)",
					"@executable_path/Frameworks",
				);
				MARKETING_VERSION = 1.0;
				PRODUCT_BUNDLE_IDENTIFIER = com.sivozelezov.Verregular;
				PRODUCT_NAME = "$(TARGET_NAME)";
				SWIFT_EMIT_LOC_STRINGS = YES;
				SWIFT_VERSION = 5.0;
				TARGETED_DEVICE_FAMILY = "1,2";
			};
			name = Debug;
		};
		48598B542C071791006C7A4D /* Release */ = {
			isa = XCBuildConfiguration;
			buildSettings = {
				ASSETCATALOG_COMPILER_APPICON_NAME = AppIcon;
				ASSETCATALOG_COMPILER_GLOBAL_ACCENT_COLOR_NAME = AccentColor;
				CODE_SIGN_STYLE = Automatic;
				CURRENT_PROJECT_VERSION = 1;
				DEVELOPMENT_TEAM = TUPKULQZ9B;
				GENERATE_INFOPLIST_FILE = YES;
				INFOPLIST_FILE = Verregular/Info.plist;
				INFOPLIST_KEY_UIApplicationSupportsIndirectInputEvents = YES;
				INFOPLIST_KEY_UILaunchStoryboardName = LaunchScreen;
				INFOPLIST_KEY_UISupportedInterfaceOrientations_iPad = "UIInterfaceOrientationPortrait UIInterfaceOrientationPortraitUpsideDown UIInterfaceOrientationLandscapeLeft UIInterfaceOrientationLandscapeRight";
				INFOPLIST_KEY_UISupportedInterfaceOrientations_iPhone = "UIInterfaceOrientationPortrait UIInterfaceOrientationLandscapeLeft UIInterfaceOrientationLandscapeRight";
				LD_RUNPATH_SEARCH_PATHS = (
					"$(inherited)",
					"@executable_path/Frameworks",
				);
				MARKETING_VERSION = 1.0;
				PRODUCT_BUNDLE_IDENTIFIER = com.sivozelezov.Verregular;
				PRODUCT_NAME = "$(TARGET_NAME)";
				SWIFT_EMIT_LOC_STRINGS = YES;
				SWIFT_VERSION = 5.0;
				TARGETED_DEVICE_FAMILY = "1,2";
			};
			name = Release;
		};
/* End XCBuildConfiguration section */

/* Begin XCConfigurationList section */
		48598B392C07178F006C7A4D /* Build configuration list for PBXProject "Verregular" */ = {
			isa = XCConfigurationList;
			buildConfigurations = (
				48598B502C071791006C7A4D /* Debug */,
				48598B512C071791006C7A4D /* Release */,
			);
			defaultConfigurationIsVisible = 0;
			defaultConfigurationName = Release;
		};
		48598B522C071791006C7A4D /* Build configuration list for PBXNativeTarget "Verregular" */ = {
			isa = XCConfigurationList;
			buildConfigurations = (
				48598B532C071791006C7A4D /* Debug */,
				48598B542C071791006C7A4D /* Release */,
			);
			defaultConfigurationIsVisible = 0;
			defaultConfigurationName = Release;
		};
/* End XCConfigurationList section */

/* Begin XCRemoteSwiftPackageReference section */
		486A32832C0EC87900DCA0EB /* XCRemoteSwiftPackageReference "SnapKit" */ = {
			isa = XCRemoteSwiftPackageReference;
			repositoryURL = "https://github.com/SnapKit/SnapKit";
			requirement = {
				kind = upToNextMajorVersion;
				minimumVersion = 5.7.1;
			};
		};
/* End XCRemoteSwiftPackageReference section */

/* Begin XCSwiftPackageProductDependency section */
		486A32842C0EC87900DCA0EB /* SnapKit */ = {
			isa = XCSwiftPackageProductDependency;
			package = 486A32832C0EC87900DCA0EB /* XCRemoteSwiftPackageReference "SnapKit" */;
			productName = SnapKit;
		};
/* End XCSwiftPackageProductDependency section */
	};
	rootObject = 48598B362C07178F006C7A4D /* Project object */;
}
